# This file is autogenerated, do not edit; changes may be undone by the next 'dep ensure'.


[[projects]]
  name = "github.com/gizak/termui"
  packages = ["."]
  revision = "202925a536c7febe22698792a2b6de68edb2726d"

[[projects]]
  name = "github.com/mattn/go-runewidth"
  packages = ["."]
  revision = "d6bea18f789704b5f83375793155289da36a3c7f"
  version = "v0.0.1"

[[projects]]
  branch = "master"
  name = "github.com/mitchellh/go-wordwrap"
  packages = ["."]
  revision = "ad45545899c7b13c020ea92b2072220eefad42b8"

[[projects]]
  name = "github.com/nsf/termbox-go"
  packages = ["."]
  revision = "0723e7c3d0a317dea811f0fbe4d6edd81908c971"

[[projects]]
  name = "github.com/urfave/cli"
  packages = ["."]
  revision = "c723b19a84af34d905773672ffa1b8ead802e505"

[solve-meta]
  analyzer-name = "dep"
  analyzer-version = 1
  inputs-digest = "0bc9798dfc20759e26a8c2f9da83e0a9e3e83243ec8b229263cb0fbe8d9bc4f0"
  solver-name = "gps-cdcl"
  solver-version = 1
