# This file is autogenerated, do not edit; changes may be undone by the next 'dep ensure'.


[[projects]]
  name = "github.com/gizak/termui"
  packages = ["."]
  revision = "202925a536c7febe22698792a2b6de68edb2726d"

[[projects]]
  name = "github.com/mattn/go-runewidth"
  packages = ["."]
  revision = "d6bea18f789704b5f83375793155289da36a3c7f"
  version = "v0.0.1"

[[projects]]
  branch = "master"
  name = "github.com/mitchellh/go-wordwrap"
  packages = ["."]
  revision = "ad45545899c7b13c020ea92b2072220eefad42b8"

[[projects]]
  name = "github.com/nsf/termbox-go"
  packages = ["."]
  revision = "0723e7c3d0a317dea811f0fbe4d6edd81908c971"

[[projects]]
  branch = "master"
  name = "github.com/philgebhardt/mdcat"
  packages = ["."]
  revision = "b6fa73b223e1925c9bb689ce562ce57edf889562"

[[projects]]
  branch = "master"
  name = "github.com/samfoo/ansi"
  packages = ["."]
  revision = "b6bd2ded7189ce35bc02233b554eb56a5146af73"

[[projects]]
  branch = "master"
  name = "github.com/shurcooL/sanitized_anchor_name"
  packages = ["."]
  revision = "86672fcb3f950f35f2e675df2240550f2a50762f"

[[projects]]
  name = "github.com/urfave/cli"
  packages = ["."]
  revision = "c723b19a84af34d905773672ffa1b8ead802e505"

[solve-meta]
  analyzer-name = "dep"
  analyzer-version = 1
  inputs-digest = "71e17ed5e0d9edecb4fd59e3dfaa211f424edc74485b92a9175e7a560ae1e1b0"
  solver-name = "gps-cdcl"
  solver-version = 1
